// !$*UTF8*$!
{
	archiveVersion = 1;
	classes = {
	};
	objectVersion = 56;
	objects = {

/* Begin PBXBuildFile section */
		843891D52B7AB0AF0023E3A5 /* WishCalendarViewController.swift in Sources */ = {isa = PBXBuildFile; fileRef = 843891D42B7AB0AF0023E3A5 /* WishCalendarViewController.swift */; };
		849A94DC2B7ACE8800AD44BC /* WishEventCell.swift in Sources */ = {isa = PBXBuildFile; fileRef = 849A94DB2B7ACE8800AD44BC /* WishEventCell.swift */; };
		84A5CB6B2B01642D00B9CA04 /* AppDelegate.swift in Sources */ = {isa = PBXBuildFile; fileRef = 84A5CB6A2B01642D00B9CA04 /* AppDelegate.swift */; };
		84A5CB6D2B01642D00B9CA04 /* SceneDelegate.swift in Sources */ = {isa = PBXBuildFile; fileRef = 84A5CB6C2B01642D00B9CA04 /* SceneDelegate.swift */; };
		84A5CB742B01643500B9CA04 /* Assets.xcassets in Resources */ = {isa = PBXBuildFile; fileRef = 84A5CB732B01643500B9CA04 /* Assets.xcassets */; };
		84A5CB772B01643500B9CA04 /* LaunchScreen.storyboard in Resources */ = {isa = PBXBuildFile; fileRef = 84A5CB752B01643500B9CA04 /* LaunchScreen.storyboard */; };
		84A5CB812B0165E100B9CA04 /* WishMakerViewController.swift in Sources */ = {isa = PBXBuildFile; fileRef = 84A5CB802B0165E100B9CA04 /* WishMakerViewController.swift */; };
		84A5CB832B0166FC00B9CA04 /* CustomSlider.swift in Sources */ = {isa = PBXBuildFile; fileRef = 84A5CB822B0166FC00B9CA04 /* CustomSlider.swift */; };
		84A5CB852B017A8600B9CA04 /* UIViewPin.swift in Sources */ = {isa = PBXBuildFile; fileRef = 84A5CB842B017A8600B9CA04 /* UIViewPin.swift */; };
		84A5CB872B017F3500B9CA04 /* WishStoringViewController.swift in Sources */ = {isa = PBXBuildFile; fileRef = 84A5CB862B017F3500B9CA04 /* WishStoringViewController.swift */; };
		84A5CB892B01937500B9CA04 /* WrittenWishCell.swift in Sources */ = {isa = PBXBuildFile; fileRef = 84A5CB882B01937500B9CA04 /* WrittenWishCell.swift */; };
		84A5CB8B2B01968100B9CA04 /* AddWishCell.swift in Sources */ = {isa = PBXBuildFile; fileRef = 84A5CB8A2B01968100B9CA04 /* AddWishCell.swift */; };
/* End PBXBuildFile section */

/* Begin PBXFileReference section */
		843891D42B7AB0AF0023E3A5 /* WishCalendarViewController.swift */ = {isa = PBXFileReference; lastKnownFileType = sourcecode.swift; path = WishCalendarViewController.swift; sourceTree = "<group>"; };
		849A94DB2B7ACE8800AD44BC /* WishEventCell.swift */ = {isa = PBXFileReference; lastKnownFileType = sourcecode.swift; path = WishEventCell.swift; sourceTree = "<group>"; };
		84A5CB672B01642D00B9CA04 /* aeushakovaPW3.app */ = {isa = PBXFileReference; explicitFileType = wrapper.application; includeInIndex = 0; path = aeushakovaPW3.app; sourceTree = BUILT_PRODUCTS_DIR; };
		84A5CB6A2B01642D00B9CA04 /* AppDelegate.swift */ = {isa = PBXFileReference; lastKnownFileType = sourcecode.swift; path = AppDelegate.swift; sourceTree = "<group>"; };
		84A5CB6C2B01642D00B9CA04 /* SceneDelegate.swift */ = {isa = PBXFileReference; lastKnownFileType = sourcecode.swift; path = SceneDelegate.swift; sourceTree = "<group>"; };
		84A5CB732B01643500B9CA04 /* Assets.xcassets */ = {isa = PBXFileReference; lastKnownFileType = folder.assetcatalog; path = Assets.xcassets; sourceTree = "<group>"; };
		84A5CB762B01643500B9CA04 /* Base */ = {isa = PBXFileReference; lastKnownFileType = file.storyboard; name = Base; path = Base.lproj/LaunchScreen.storyboard; sourceTree = "<group>"; };
		84A5CB782B01643500B9CA04 /* Info.plist */ = {isa = PBXFileReference; lastKnownFileType = text.plist.xml; path = Info.plist; sourceTree = "<group>"; };
		84A5CB802B0165E100B9CA04 /* WishMakerViewController.swift */ = {isa = PBXFileReference; lastKnownFileType = sourcecode.swift; path = WishMakerViewController.swift; sourceTree = "<group>"; };
		84A5CB822B0166FC00B9CA04 /* CustomSlider.swift */ = {isa = PBXFileReference; lastKnownFileType = sourcecode.swift; path = CustomSlider.swift; sourceTree = "<group>"; };
		84A5CB842B017A8600B9CA04 /* UIViewPin.swift */ = {isa = PBXFileReference; fileEncoding = 4; lastKnownFileType = sourcecode.swift; path = UIViewPin.swift; sourceTree = "<group>"; };
		84A5CB862B017F3500B9CA04 /* WishStoringViewController.swift */ = {isa = PBXFileReference; lastKnownFileType = sourcecode.swift; path = WishStoringViewController.swift; sourceTree = "<group>"; };
		84A5CB882B01937500B9CA04 /* WrittenWishCell.swift */ = {isa = PBXFileReference; lastKnownFileType = sourcecode.swift; path = WrittenWishCell.swift; sourceTree = "<group>"; };
		84A5CB8A2B01968100B9CA04 /* AddWishCell.swift */ = {isa = PBXFileReference; lastKnownFileType = sourcecode.swift; path = AddWishCell.swift; sourceTree = "<group>"; };
/* End PBXFileReference section */

/* Begin PBXFrameworksBuildPhase section */
		84A5CB642B01642D00B9CA04 /* Frameworks */ = {
			isa = PBXFrameworksBuildPhase;
			buildActionMask = 2147483647;
			files = (
			);
			runOnlyForDeploymentPostprocessing = 0;
		};
/* End PBXFrameworksBuildPhase section */

/* Begin PBXGroup section */
		84A5CB5E2B01642D00B9CA04 = {
			isa = PBXGroup;
			children = (
				84A5CB692B01642D00B9CA04 /* aeushakovaPW3 */,
				84A5CB682B01642D00B9CA04 /* Products */,
			);
			sourceTree = "<group>";
		};
		84A5CB682B01642D00B9CA04 /* Products */ = {
			isa = PBXGroup;
			children = (
				84A5CB672B01642D00B9CA04 /* aeushakovaPW3.app */,
			);
			name = Products;
			sourceTree = "<group>";
		};
		84A5CB692B01642D00B9CA04 /* aeushakovaPW3 */ = {
			isa = PBXGroup;
			children = (
				84A5CB862B017F3500B9CA04 /* WishStoringViewController.swift */,
				84A5CB842B017A8600B9CA04 /* UIViewPin.swift */,
				84A5CB822B0166FC00B9CA04 /* CustomSlider.swift */,
				84A5CB802B0165E100B9CA04 /* WishMakerViewController.swift */,
				84A5CB6A2B01642D00B9CA04 /* AppDelegate.swift */,
				84A5CB6C2B01642D00B9CA04 /* SceneDelegate.swift */,
				84A5CB732B01643500B9CA04 /* Assets.xcassets */,
				84A5CB752B01643500B9CA04 /* LaunchScreen.storyboard */,
				84A5CB782B01643500B9CA04 /* Info.plist */,
				84A5CB882B01937500B9CA04 /* WrittenWishCell.swift */,
				84A5CB8A2B01968100B9CA04 /* AddWishCell.swift */,
				843891D42B7AB0AF0023E3A5 /* WishCalendarViewController.swift */,
				849A94DB2B7ACE8800AD44BC /* WishEventCell.swift */,
			);
			path = aeushakovaPW3;
			sourceTree = "<group>";
		};
/* End PBXGroup section */

/* Begin PBXNativeTarget section */
		84A5CB662B01642D00B9CA04 /* aeushakovaPW3 */ = {
			isa = PBXNativeTarget;
			buildConfigurationList = 84A5CB7B2B01643500B9CA04 /* Build configuration list for PBXNativeTarget "aeushakovaPW3" */;
			buildPhases = (
				84A5CB632B01642D00B9CA04 /* Sources */,
				84A5CB642B01642D00B9CA04 /* Frameworks */,
				84A5CB652B01642D00B9CA04 /* Resources */,
			);
			buildRules = (
			);
			dependencies = (
			);
			name = aeushakovaPW3;
			productName = aeushakovaPW3;
			productReference = 84A5CB672B01642D00B9CA04 /* aeushakovaPW3.app */;
			productType = "com.apple.product-type.application";
		};
/* End PBXNativeTarget section */

/* Begin PBXProject section */
		84A5CB5F2B01642D00B9CA04 /* Project object */ = {
			isa = PBXProject;
			attributes = {
				BuildIndependentTargetsInParallel = 1;
				LastSwiftUpdateCheck = 1430;
				LastUpgradeCheck = 1430;
				TargetAttributes = {
					84A5CB662B01642D00B9CA04 = {
						CreatedOnToolsVersion = 14.3.1;
					};
				};
			};
			buildConfigurationList = 84A5CB622B01642D00B9CA04 /* Build configuration list for PBXProject "aeushakovaPW3" */;
			compatibilityVersion = "Xcode 14.0";
			developmentRegion = en;
			hasScannedForEncodings = 0;
			knownRegions = (
				en,
				Base,
			);
			mainGroup = 84A5CB5E2B01642D00B9CA04;
			productRefGroup = 84A5CB682B01642D00B9CA04 /* Products */;
			projectDirPath = "";
			projectRoot = "";
			targets = (
				84A5CB662B01642D00B9CA04 /* aeushakovaPW3 */,
			);
		};
/* End PBXProject section */

/* Begin PBXResourcesBuildPhase section */
		84A5CB652B01642D00B9CA04 /* Resources */ = {
			isa = PBXResourcesBuildPhase;
			buildActionMask = 2147483647;
			files = (
				84A5CB772B01643500B9CA04 /* LaunchScreen.storyboard in Resources */,
				84A5CB742B01643500B9CA04 /* Assets.xcassets in Resources */,
			);
			runOnlyForDeploymentPostprocessing = 0;
		};
/* End PBXResourcesBuildPhase section */

/* Begin PBXSourcesBuildPhase section */
		84A5CB632B01642D00B9CA04 /* Sources */ = {
			isa = PBXSourcesBuildPhase;
			buildActionMask = 2147483647;
			files = (
				843891D52B7AB0AF0023E3A5 /* WishCalendarViewController.swift in Sources */,
				84A5CB8B2B01968100B9CA04 /* AddWishCell.swift in Sources */,
				84A5CB892B01937500B9CA04 /* WrittenWishCell.swift in Sources */,
				84A5CB872B017F3500B9CA04 /* WishStoringViewController.swift in Sources */,
				84A5CB852B017A8600B9CA04 /* UIViewPin.swift in Sources */,
				849A94DC2B7ACE8800AD44BC /* WishEventCell.swift in Sources */,
				84A5CB832B0166FC00B9CA04 /* CustomSlider.swift in Sources */,
				84A5CB6B2B01642D00B9CA04 /* AppDelegate.swift in Sources */,
				84A5CB812B0165E100B9CA04 /* WishMakerViewController.swift in Sources */,
				84A5CB6D2B01642D00B9CA04 /* SceneDelegate.swift in Sources */,
			);
			runOnlyForDeploymentPostprocessing = 0;
		};
/* End PBXSourcesBuildPhase section */

/* Begin PBXVariantGroup section */
		84A5CB752B01643500B9CA04 /* LaunchScreen.storyboard */ = {
			isa = PBXVariantGroup;
			children = (
				84A5CB762B01643500B9CA04 /* Base */,
			);
			name = LaunchScreen.storyboard;
			sourceTree = "<group>";
		};
/* End PBXVariantGroup section */

/* Begin XCBuildConfiguration section */
		84A5CB792B01643500B9CA04 /* Debug */ = {
			isa = XCBuildConfiguration;
			buildSettings = {
				ALWAYS_SEARCH_USER_PATHS = NO;
				CLANG_ANALYZER_NONNULL = YES;
				CLANG_ANALYZER_NUMBER_OBJECT_CONVERSION = YES_AGGRESSIVE;
				CLANG_CXX_LANGUAGE_STANDARD = "gnu++20";
				CLANG_ENABLE_MODULES = YES;
				CLANG_ENABLE_OBJC_ARC = YES;
				CLANG_ENABLE_OBJC_WEAK = YES;
				CLANG_WARN_BLOCK_CAPTURE_AUTORELEASING = YES;
				CLANG_WARN_BOOL_CONVERSION = YES;
				CLANG_WARN_COMMA = YES;
				CLANG_WARN_CONSTANT_CONVERSION = YES;
				CLANG_WARN_DEPRECATED_OBJC_IMPLEMENTATIONS = YES;
				CLANG_WARN_DIRECT_OBJC_ISA_USAGE = YES_ERROR;
				CLANG_WARN_DOCUMENTATION_COMMENTS = YES;
				CLANG_WARN_EMPTY_BODY = YES;
				CLANG_WARN_ENUM_CONVERSION = YES;
				CLANG_WARN_INFINITE_RECURSION = YES;
				CLANG_WARN_INT_CONVERSION = YES;
				CLANG_WARN_NON_LITERAL_NULL_CONVERSION = YES;
				CLANG_WARN_OBJC_IMPLICIT_RETAIN_SELF = YES;
				CLANG_WARN_OBJC_LITERAL_CONVERSION = YES;
				CLANG_WARN_OBJC_ROOT_CLASS = YES_ERROR;
				CLANG_WARN_QUOTED_INCLUDE_IN_FRAMEWORK_HEADER = YES;
				CLANG_WARN_RANGE_LOOP_ANALYSIS = YES;
				CLANG_WARN_STRICT_PROTOTYPES = YES;
				CLANG_WARN_SUSPICIOUS_MOVE = YES;
				CLANG_WARN_UNGUARDED_AVAILABILITY = YES_AGGRESSIVE;
				CLANG_WARN_UNREACHABLE_CODE = YES;
				CLANG_WARN__DUPLICATE_METHOD_MATCH = YES;
				COPY_PHASE_STRIP = NO;
				DEBUG_INFORMATION_FORMAT = dwarf;
				ENABLE_STRICT_OBJC_MSGSEND = YES;
				ENABLE_TESTABILITY = YES;
				GCC_C_LANGUAGE_STANDARD = gnu11;
				GCC_DYNAMIC_NO_PIC = NO;
				GCC_NO_COMMON_BLOCKS = YES;
				GCC_OPTIMIZATION_LEVEL = 0;
				GCC_PREPROCESSOR_DEFINITIONS = (
					"DEBUG=1",
					"$(inherited)",
				);
				GCC_WARN_64_TO_32_BIT_CONVERSION = YES;
				GCC_WARN_ABOUT_RETURN_TYPE = YES_ERROR;
				GCC_WARN_UNDECLARED_SELECTOR = YES;
				GCC_WARN_UNINITIALIZED_AUTOS = YES_AGGRESSIVE;
				GCC_WARN_UNUSED_FUNCTION = YES;
				GCC_WARN_UNUSED_VARIABLE = YES;
				IPHONEOS_DEPLOYMENT_TARGET = 16.4;
				MTL_ENABLE_DEBUG_INFO = INCLUDE_SOURCE;
				MTL_FAST_MATH = YES;
				ONLY_ACTIVE_ARCH = YES;
				SDKROOT = iphoneos;
				SWIFT_ACTIVE_COMPILATION_CONDITIONS = DEBUG;
				SWIFT_OPTIMIZATION_LEVEL = "-Onone";
			};
			name = Debug;
		};
		84A5CB7A2B01643500B9CA04 /* Release */ = {
			isa = XCBuildConfiguration;
			buildSettings = {
				ALWAYS_SEARCH_USER_PATHS = NO;
				CLANG_ANALYZER_NONNULL = YES;
				CLANG_ANALYZER_NUMBER_OBJECT_CONVERSION = YES_AGGRESSIVE;
				CLANG_CXX_LANGUAGE_STANDARD = "gnu++20";
				CLANG_ENABLE_MODULES = YES;
				CLANG_ENABLE_OBJC_ARC = YES;
				CLANG_ENABLE_OBJC_WEAK = YES;
				CLANG_WARN_BLOCK_CAPTURE_AUTORELEASING = YES;
				CLANG_WARN_BOOL_CONVERSION = YES;
				CLANG_WARN_COMMA = YES;
				CLANG_WARN_CONSTANT_CONVERSION = YES;
				CLANG_WARN_DEPRECATED_OBJC_IMPLEMENTATIONS = YES;
				CLANG_WARN_DIRECT_OBJC_ISA_USAGE = YES_ERROR;
				CLANG_WARN_DOCUMENTATION_COMMENTS = YES;
				CLANG_WARN_EMPTY_BODY = YES;
				CLANG_WARN_ENUM_CONVERSION = YES;
				CLANG_WARN_INFINITE_RECURSION = YES;
				CLANG_WARN_INT_CONVERSION = YES;
				CLANG_WARN_NON_LITERAL_NULL_CONVERSION = YES;
				CLANG_WARN_OBJC_IMPLICIT_RETAIN_SELF = YES;
				CLANG_WARN_OBJC_LITERAL_CONVERSION = YES;
				CLANG_WARN_OBJC_ROOT_CLASS = YES_ERROR;
				CLANG_WARN_QUOTED_INCLUDE_IN_FRAMEWORK_HEADER = YES;
				CLANG_WARN_RANGE_LOOP_ANALYSIS = YES;
				CLANG_WARN_STRICT_PROTOTYPES = YES;
				CLANG_WARN_SUSPICIOUS_MOVE = YES;
				CLANG_WARN_UNGUARDED_AVAILABILITY = YES_AGGRESSIVE;
				CLANG_WARN_UNREACHABLE_CODE = YES;
				CLANG_WARN__DUPLICATE_METHOD_MATCH = YES;
				COPY_PHASE_STRIP = NO;
				DEBUG_INFORMATION_FORMAT = "dwarf-with-dsym";
				ENABLE_NS_ASSERTIONS = NO;
				ENABLE_STRICT_OBJC_MSGSEND = YES;
				GCC_C_LANGUAGE_STANDARD = gnu11;
				GCC_NO_COMMON_BLOCKS = YES;
				GCC_WARN_64_TO_32_BIT_CONVERSION = YES;
				GCC_WARN_ABOUT_RETURN_TYPE = YES_ERROR;
				GCC_WARN_UNDECLARED_SELECTOR = YES;
				GCC_WARN_UNINITIALIZED_AUTOS = YES_AGGRESSIVE;
				GCC_WARN_UNUSED_FUNCTION = YES;
				GCC_WARN_UNUSED_VARIABLE = YES;
				IPHONEOS_DEPLOYMENT_TARGET = 16.4;
				MTL_ENABLE_DEBUG_INFO = NO;
				MTL_FAST_MATH = YES;
				SDKROOT = iphoneos;
				SWIFT_COMPILATION_MODE = wholemodule;
				SWIFT_OPTIMIZATION_LEVEL = "-O";
				VALIDATE_PRODUCT = YES;
			};
			name = Release;
		};
		84A5CB7C2B01643500B9CA04 /* Debug */ = {
			isa = XCBuildConfiguration;
			buildSettings = {
				ASSETCATALOG_COMPILER_APPICON_NAME = AppIcon;
				ASSETCATALOG_COMPILER_GLOBAL_ACCENT_COLOR_NAME = AccentColor;
				CODE_SIGN_STYLE = Automatic;
				CURRENT_PROJECT_VERSION = 1;
				GENERATE_INFOPLIST_FILE = YES;
				INFOPLIST_FILE = aeushakovaPW3/Info.plist;
				INFOPLIST_KEY_UIApplicationSupportsIndirectInputEvents = YES;
				INFOPLIST_KEY_UILaunchStoryboardName = LaunchScreen;
				INFOPLIST_KEY_UIMainStoryboardFile = "";
				INFOPLIST_KEY_UISupportedInterfaceOrientations_iPad = "UIInterfaceOrientationPortrait UIInterfaceOrientationPortraitUpsideDown UIInterfaceOrientationLandscapeLeft UIInterfaceOrientationLandscapeRight";
				INFOPLIST_KEY_UISupportedInterfaceOrientations_iPhone = "UIInterfaceOrientationPortrait UIInterfaceOrientationLandscapeLeft UIInterfaceOrientationLandscapeRight";
				LD_RUNPATH_SEARCH_PATHS = (
					"$(inherited)",
					"@executable_path/Frameworks",
				);
				MARKETING_VERSION = 1.0;
				PRODUCT_BUNDLE_IDENTIFIER = edu.hse.Ushakova.aeushakovaPW3;
				PRODUCT_NAME = "$(TARGET_NAME)";
				SWIFT_EMIT_LOC_STRINGS = YES;
				SWIFT_VERSION = 5.0;
				TARGETED_DEVICE_FAMILY = "1,2";
			};
			name = Debug;
		};
		84A5CB7D2B01643500B9CA04 /* Release */ = {
			isa = XCBuildConfiguration;
			buildSettings = {
				ASSETCATALOG_COMPILER_APPICON_NAME = AppIcon;
				ASSETCATALOG_COMPILER_GLOBAL_ACCENT_COLOR_NAME = AccentColor;
				CODE_SIGN_STYLE = Automatic;
				CURRENT_PROJECT_VERSION = 1;
				GENERATE_INFOPLIST_FILE = YES;
				INFOPLIST_FILE = aeushakovaPW3/Info.plist;
				INFOPLIST_KEY_UIApplicationSupportsIndirectInputEvents = YES;
				INFOPLIST_KEY_UILaunchStoryboardName = LaunchScreen;
				INFOPLIST_KEY_UIMainStoryboardFile = "";
				INFOPLIST_KEY_UISupportedInterfaceOrientations_iPad = "UIInterfaceOrientationPortrait UIInterfaceOrientationPortraitUpsideDown UIInterfaceOrientationLandscapeLeft UIInterfaceOrientationLandscapeRight";
				INFOPLIST_KEY_UISupportedInterfaceOrientations_iPhone = "UIInterfaceOrientationPortrait UIInterfaceOrientationLandscapeLeft UIInterfaceOrientationLandscapeRight";
				LD_RUNPATH_SEARCH_PATHS = (
					"$(inherited)",
					"@executable_path/Frameworks",
				);
				MARKETING_VERSION = 1.0;
				PRODUCT_BUNDLE_IDENTIFIER = edu.hse.Ushakova.aeushakovaPW3;
				PRODUCT_NAME = "$(TARGET_NAME)";
				SWIFT_EMIT_LOC_STRINGS = YES;
				SWIFT_VERSION = 5.0;
				TARGETED_DEVICE_FAMILY = "1,2";
			};
			name = Release;
		};
/* End XCBuildConfiguration section */

/* Begin XCConfigurationList section */
		84A5CB622B01642D00B9CA04 /* Build configuration list for PBXProject "aeushakovaPW3" */ = {
			isa = XCConfigurationList;
			buildConfigurations = (
				84A5CB792B01643500B9CA04 /* Debug */,
				84A5CB7A2B01643500B9CA04 /* Release */,
			);
			defaultConfigurationIsVisible = 0;
			defaultConfigurationName = Release;
		};
		84A5CB7B2B01643500B9CA04 /* Build configuration list for PBXNativeTarget "aeushakovaPW3" */ = {
			isa = XCConfigurationList;
			buildConfigurations = (
				84A5CB7C2B01643500B9CA04 /* Debug */,
				84A5CB7D2B01643500B9CA04 /* Release */,
			);
			defaultConfigurationIsVisible = 0;
			defaultConfigurationName = Release;
		};
/* End XCConfigurationList section */
	};
	rootObject = 84A5CB5F2B01642D00B9CA04 /* Project object */;
}
